
Microsoft Visual Studio Solution File, Format Version 12.00
# Visual Studio 15
VisualStudioVersion = 15.0.27703.2018
MinimumVisualStudioVersion = 10.0.40219.1
Project("{FAE04EC0-301F-11D3-BF4B-00C04F79EFBC}") = "DotNetCore210", "DotNetCore210\DotNetCore210.csproj", "{A3C63715-98BF-44B8-A7C9-DD395AE67384}"
EndProject
Project("{FAE04EC0-301F-11D3-BF4B-00C04F79EFBC}") = "StandardClassLib", "StandardClassLib\StandardClassLib.csproj", "{64196781-6364-4EEC-B14C-BFF551B0AAC3}"
EndProject
Project("{FAE04EC0-301F-11D3-BF4B-00C04F79EFBC}") = "CoreClassLib", "CoreClassLib\CoreClassLib.csproj", "{606E7D35-BF26-4BD9-8852-0AC47C972A26}"
EndProject
Global
	GlobalSection(SolutionConfigurationPlatforms) = preSolution
		Debug|Any CPU = Debug|Any CPU
		Release|Any CPU = Release|Any CPU
	EndGlobalSection
	GlobalSection(ProjectConfigurationPlatforms) = postSolution
		{A3C63715-98BF-44B8-A7C9-DD395AE67384}.Debug|Any CPU.ActiveCfg = Debug|Any CPU
		{A3C63715-98BF-44B8-A7C9-DD395AE67384}.Debug|Any CPU.Build.0 = Debug|Any CPU
		{A3C63715-98BF-44B8-A7C9-DD395AE67384}.Release|Any CPU.ActiveCfg = Release|Any CPU
		{A3C63715-98BF-44B8-A7C9-DD395AE67384}.Release|Any CPU.Build.0 = Release|Any CPU
		{64196781-6364-4EEC-B14C-BFF551B0AAC3}.Debug|Any CPU.ActiveCfg = Debug|Any CPU
		{64196781-6364-4EEC-B14C-BFF551B0AAC3}.Debug|Any CPU.Build.0 = Debug|Any CPU
		{64196781-6364-4EEC-B14C-BFF551B0AAC3}.Release|Any CPU.ActiveCfg = Release|Any CPU
		{64196781-6364-4EEC-B14C-BFF551B0AAC3}.Release|Any CPU.Build.0 = Release|Any CPU
		{606E7D35-BF26-4BD9-8852-0AC47C972A26}.Debug|Any CPU.ActiveCfg = Debug|Any CPU
		{606E7D35-BF26-4BD9-8852-0AC47C972A26}.Debug|Any CPU.Build.0 = Debug|Any CPU
		{606E7D35-BF26-4BD9-8852-0AC47C972A26}.Release|Any CPU.ActiveCfg = Release|Any CPU
		{606E7D35-BF26-4BD9-8852-0AC47C972A26}.Release|Any CPU.Build.0 = Release|Any CPU
	EndGlobalSection
	GlobalSection(SolutionProperties) = preSolution
		HideSolutionNode = FALSE
	EndGlobalSection
	GlobalSection(ExtensibilityGlobals) = postSolution
		SolutionGuid = {D01BDFDA-43BA-4043-97F6-86662F2F8EBE}
	EndGlobalSection
EndGlobal
